
Microsoft Visual Studio Solution File, Format Version 12.00
# Visual Studio Version 16
VisualStudioVersion = 16.0.31424.327
MinimumVisualStudioVersion = 10.0.40219.1
Project("{FAE04EC0-301F-11D3-BF4B-00C04F79EFBC}") = "PickACardUI", "PickACardUI.csproj", "{4622ABF7-1D5B-4AB3-8640-E10414E2394E}"
EndProject
Global
	GlobalSection(SolutionConfigurationPlatforms) = preSolution
		Debug|Any CPU = Debug|Any CPU
		Release|Any CPU = Release|Any CPU
	EndGlobalSection
	GlobalSection(ProjectConfigurationPlatforms) = postSolution
		{4622ABF7-1D5B-4AB3-8640-E10414E2394E}.Debug|Any CPU.ActiveCfg = Debug|Any CPU
		{4622ABF7-1D5B-4AB3-8640-E10414E2394E}.Debug|Any CPU.Build.0 = Debug|Any CPU
		{4622ABF7-1D5B-4AB3-8640-E10414E2394E}.Release|Any CPU.ActiveCfg = Release|Any CPU
		{4622ABF7-1D5B-4AB3-8640-E10414E2394E}.Release|Any CPU.Build.0 = Release|Any CPU
	EndGlobalSection
	GlobalSection(SolutionProperties) = preSolution
		HideSolutionNode = FALSE
	EndGlobalSection
	GlobalSection(ExtensibilityGlobals) = postSolution
		SolutionGuid = {8A9F7F7F-9EEC-47E8-A5A9-FA5CF9FA5E58}
	EndGlobalSection
EndGlobal
